<?xml version="1.0" encoding="utf-8"?>
<Project ToolsVersion="4.0" xmlns="http://schemas.microsoft.com/developer/msbuild/2003">
  <ItemGroup>
    <Filter Include="Source Files">
      <UniqueIdentifier>{4FC737F1-C7A5-4376-A066-2A32D752A2FF}</UniqueIdentifier>
      <Extensions>cpp;c;cc;cxx;c++;cppm;ixx;def;odl;idl;hpj;bat;asm;asmx</Extensions>
    </Filter>
    <Filter Include="Header Files">
      <UniqueIdentifier>{93995380-89BD-4b04-88EB-625FBE52EBFB}</UniqueIdentifier>
      <Extensions>h;hh;hpp;hxx;h++;hm;inl;inc;ipp;xsd</Extensions>
    </Filter>
    <Filter Include="Resource Files">
      <UniqueIdentifier>{67DA6AB6-F800-4c08-8B7A-83BB121AAD01}</UniqueIdentifier>
      <Extensions>rc;ico;cur;bmp;dlg;rc2;rct;bin;rgs;gif;jpg;jpeg;jpe;resx;tiff;tif;png;wav;mfcribbon-ms</Extensions>
    </Filter>
  </ItemGroup>
  <ItemGroup>
    <ClInclude Include="parkingApp.h">
      <Filter>Header Files</Filter>
    </ClInclude>
    <ClInclude Include="main.h">
      <Filter>Header Files</Filter>
    </ClInclude>
    <ClInclude Include="LotA.h">
      <Filter>Header Files</Filter>
    </ClInclude>
    <ClInclude Include="LotB.h">
      <Filter>Header Files</Filter>
    </ClInclude>
    <ClInclude Include="LotC.h">
      <Filter>Header Files</Filter>
    </ClInclude>
    <ClInclude Include="LotD.h">
      <Filter>Header Files</Filter>
    </ClInclude>
    <ClInclude Include="ParkingLot.h">
      <Filter>Header Files</Filter>
    </ClInclude>
    <ClInclude Include="ParkingSpace.h">
      <Filter>Header Files</Filter>
    </ClInclude>
    <ClInclude Include="WidgetComposite.h">
      <Filter>Header Files</Filter>
    </ClInclude>
    <ClInclude Include="ParkingLotFactory.h">
      <Filter>Header Files</Filter>
    </ClInclude>
    <ClInclude Include="StaticPanelFactory.h">
      <Filter>Header Files</Filter>
    </ClInclude>
    <ClInclude Include="Panel.h">
      <Filter>Header Files</Filter>
    </ClInclude>
    <ClInclude Include="LoginPanel.h">
      <Filter>Header Files</Filter>
    </ClInclude>
    <ClInclude Include="MapPanel.h">
      <Filter>Header Files</Filter>
    </ClInclude>
    <ClInclude Include="LotE.h">
      <Filter>Header Files</Filter>
    </ClInclude>
    <ClInclude Include="LotF.h">
      <Filter>Header Files</Filter>
    </ClInclude>
    <ClInclude Include="LotG.h">
      <Filter>Header Files</Filter>
    </ClInclude>
    <ClInclude Include="LotH.h">
      <Filter>Header Files</Filter>
    </ClInclude>
    <ClInclude Include="LotI.h">
      <Filter>Header Files</Filter>
    </ClInclude>
    <ClInclude Include="LotJ.h">
      <Filter>Header Files</Filter>
    </ClInclude>
    <ClInclude Include="WidgetBuilder.h">
      <Filter>Header Files</Filter>
    </ClInclude>
    <ClInclude Include="LotPanel.h">
      <Filter>Header Files</Filter>
    </ClInclude>
    <ClInclude Include="TimerFunctions.h">
      <Filter>Header Files</Filter>
    </ClInclude>
    <ClInclude Include="WidgetEditor.h">
      <Filter>Header Files</Filter>
    </ClInclude>
    <ClInclude Include="User.h">
      <Filter>Header Files</Filter>
    </ClInclude>
    <ClInclude Include="DBObject.h">
      <Filter>Header Files</Filter>
    </ClInclude>
    <ClInclude Include="ratingPanel.h">
      <Filter>Header Files</Filter>
    </ClInclude>
    <ClInclude Include="statusObserver.h">
      <Filter>Header Files</Filter>
    </ClInclude>
    <ClInclude Include="Lot.h">
      <Filter>Header Files</Filter>
    </ClInclude>
  </ItemGroup>
  <ItemGroup>
    <ClCompile Include="parkingApp.cpp">
      <Filter>Source Files</Filter>
    </ClCompile>
    <ClCompile Include="main.cpp">
      <Filter>Source Files</Filter>
    </ClCompile>
    <ClCompile Include="LotA.cpp">
      <Filter>Source Files</Filter>
    </ClCompile>
    <ClCompile Include="LotB.cpp">
      <Filter>Source Files</Filter>
    </ClCompile>
    <ClCompile Include="LotC.cpp">
      <Filter>Source Files</Filter>
    </ClCompile>
    <ClCompile Include="LotD.cpp">
      <Filter>Source Files</Filter>
    </ClCompile>
    <ClCompile Include="LoginPanel.cpp">
      <Filter>Source Files</Filter>
    </ClCompile>
    <ClCompile Include="Panel.cpp">
      <Filter>Source Files</Filter>
    </ClCompile>
    <ClCompile Include="MapPanel.cpp">
      <Filter>Source Files</Filter>
    </ClCompile>
    <ClCompile Include="LotE.cpp">
      <Filter>Source Files</Filter>
    </ClCompile>
    <ClCompile Include="LotF.cpp">
      <Filter>Source Files</Filter>
    </ClCompile>
    <ClCompile Include="LotG.cpp">
      <Filter>Source Files</Filter>
    </ClCompile>
    <ClCompile Include="LotH.cpp">
      <Filter>Source Files</Filter>
    </ClCompile>
    <ClCompile Include="LotI.cpp">
      <Filter>Source Files</Filter>
    </ClCompile>
    <ClCompile Include="LotJ.cpp">
      <Filter>Source Files</Filter>
    </ClCompile>
    <ClCompile Include="ParkingLotFactory.cpp">
      <Filter>Source Files</Filter>
    </ClCompile>
    <ClCompile Include="ParkingSpace.cpp">
      <Filter>Source Files</Filter>
    </ClCompile>
    <ClCompile Include="LotPanel.cpp">
      <Filter>Source Files</Filter>
    </ClCompile>
    <ClCompile Include="TimerFunctions.cpp">
      <Filter>Source Files</Filter>
    </ClCompile>
    <ClCompile Include="DBObject.cpp">
      <Filter>Source Files</Filter>
    </ClCompile>
    <ClCompile Include="User.cpp">
      <Filter>Source Files</Filter>
    </ClCompile>
    <ClCompile Include="ratingPanel.cpp">
      <Filter>Source Files</Filter>
    </ClCompile>
    <ClCompile Include="Lot.cpp">
      <Filter>Source Files</Filter>
    </ClCompile>
  </ItemGroup>
  <ItemGroup>
    <Image Include="images\csusm-logo.png">
      <Filter>Resource Files</Filter>
    </Image>
    <Image Include="images\mapmarker.png">
      <Filter>Resource Files</Filter>
    </Image>
    <Image Include="images\parking-map.PNG">
      <Filter>Resource Files</Filter>
    </Image>
    <Image Include="images\headerbg.png">
      <Filter>Resource Files</Filter>
    </Image>
    <Image Include="images\registerbutton.png">
      <Filter>Resource Files</Filter>
    </Image>
    <Image Include="images\Star0.png">
      <Filter>Resource Files</Filter>
    </Image>
    <Image Include="images\Star1.png">
      <Filter>Resource Files</Filter>
    </Image>
    <Image Include="images\star2.png">
      <Filter>Resource Files</Filter>
    </Image>
    <Image Include="images\star3.png">
      <Filter>Resource Files</Filter>
    </Image>
    <Image Include="images\star4.png">
      <Filter>Resource Files</Filter>
    </Image>
    <Image Include="images\star5.png">
      <Filter>Resource Files</Filter>
    </Image>
    <Image Include="images\star6.png">
      <Filter>Resource Files</Filter>
    </Image>
    <Image Include="images\star7.png">
      <Filter>Resource Files</Filter>
    </Image>
    <Image Include="images\star8.png">
      <Filter>Resource Files</Filter>
    </Image>
    <Image Include="images\star9.png">
      <Filter>Resource Files</Filter>
    </Image>
    <Image Include="images\star10.png">
      <Filter>Resource Files</Filter>
    </Image>
    <Image Include="images\mapmarkerA.png">
      <Filter>Resource Files</Filter>
    </Image>
    <Image Include="images\mapmarkerB.png">
      <Filter>Resource Files</Filter>
    </Image>
    <Image Include="images\mapmarkerC.png">
      <Filter>Resource Files</Filter>
    </Image>
    <Image Include="images\mapmarkerD.png">
      <Filter>Resource Files</Filter>
    </Image>
    <Image Include="images\mapmarkerE.png">
      <Filter>Resource Files</Filter>
    </Image>
    <Image Include="images\mapmarkerF.png">
      <Filter>Resource Files</Filter>
    </Image>
    <Image Include="images\mapmarkerG.png">
      <Filter>Resource Files</Filter>
    </Image>
    <Image Include="images\mapmarkerH.png">
      <Filter>Resource Files</Filter>
    </Image>
    <Image Include="images\mapmarkerI.png">
      <Filter>Resource Files</Filter>
    </Image>
    <Image Include="images\mapmarkerJ.png">
      <Filter>Resource Files</Filter>
    </Image>
  </ItemGroup>
</Project>